
Microsoft Visual Studio Solution File, Format Version 12.00
# Visual Studio Version 17
VisualStudioVersion = 17.5.33530.505
MinimumVisualStudioVersion = 10.0.40219.1
Project("{FAE04EC0-301F-11D3-BF4B-00C04F79EFBC}") = "AddresBook.App", "AddresBook.App\AddresBook.App.csproj", "{4C40A12C-E28A-4204-BA87-C54B337EA061}"
EndProject
Project("{FAE04EC0-301F-11D3-BF4B-00C04F79EFBC}") = "AddressBook.Data", "AddressBook.Data\AddressBook.Data.csproj", "{93B759A5-DD3B-45FB-B602-C64F82CB7F1F}"
EndProject
Project("{FAE04EC0-301F-11D3-BF4B-00C04F79EFBC}") = "AddressBook.Test", "AddressBook.Test\AddressBook.Test.csproj", "{A9ACA0FA-CB25-490E-A29B-D285D5340567}"
EndProject
Global
	GlobalSection(SolutionConfigurationPlatforms) = preSolution
		Debug|Any CPU = Debug|Any CPU
		Release|Any CPU = Release|Any CPU
	EndGlobalSection
	GlobalSection(ProjectConfigurationPlatforms) = postSolution
		{4C40A12C-E28A-4204-BA87-C54B337EA061}.Debug|Any CPU.ActiveCfg = Debug|Any CPU
		{4C40A12C-E28A-4204-BA87-C54B337EA061}.Debug|Any CPU.Build.0 = Debug|Any CPU
		{4C40A12C-E28A-4204-BA87-C54B337EA061}.Release|Any CPU.ActiveCfg = Release|Any CPU
		{4C40A12C-E28A-4204-BA87-C54B337EA061}.Release|Any CPU.Build.0 = Release|Any CPU
		{93B759A5-DD3B-45FB-B602-C64F82CB7F1F}.Debug|Any CPU.ActiveCfg = Debug|Any CPU
		{93B759A5-DD3B-45FB-B602-C64F82CB7F1F}.Debug|Any CPU.Build.0 = Debug|Any CPU
		{93B759A5-DD3B-45FB-B602-C64F82CB7F1F}.Release|Any CPU.ActiveCfg = Release|Any CPU
		{93B759A5-DD3B-45FB-B602-C64F82CB7F1F}.Release|Any CPU.Build.0 = Release|Any CPU
		{A9ACA0FA-CB25-490E-A29B-D285D5340567}.Debug|Any CPU.ActiveCfg = Debug|Any CPU
		{A9ACA0FA-CB25-490E-A29B-D285D5340567}.Debug|Any CPU.Build.0 = Debug|Any CPU
		{A9ACA0FA-CB25-490E-A29B-D285D5340567}.Release|Any CPU.ActiveCfg = Release|Any CPU
		{A9ACA0FA-CB25-490E-A29B-D285D5340567}.Release|Any CPU.Build.0 = Release|Any CPU
	EndGlobalSection
	GlobalSection(SolutionProperties) = preSolution
		HideSolutionNode = FALSE
	EndGlobalSection
	GlobalSection(ExtensibilityGlobals) = postSolution
		SolutionGuid = {26C9CA9C-846B-4577-98FB-46E1002FCD58}
	EndGlobalSection
EndGlobal
